Microsoft Visual Studio Solution File, Format Version 12.00
# Visual Studio 15
VisualStudioVersion = 15.0.27004.2005
MinimumVisualStudioVersion = 10.0.40219.1
Project("{9A19103F-16F7-4668-BE54-9A1E7A4F7556}") = "DayPrinter", "DayPrinter\DayPrinter.csproj", "{B3E76AAA-3BE8-49C7-A831-64EF68C6F28D}"
EndProject
Project("{9A19103F-16F7-4668-BE54-9A1E7A4F7556}") = "ElseIf", "ElseIf\ElseIf.csproj", "{C7008ACC-EE4B-49CC-B7FB-5F9F95E257A9}"
EndProject
Project("{9A19103F-16F7-4668-BE54-9A1E7A4F7556}") = "TempConv", "TempConv\TempConv.csproj", "{6D18F93D-E26F-4FF4-ABF2-1450FD9FB19D}"
EndProject
Project("{9A19103F-16F7-4668-BE54-9A1E7A4F7556}") = "HelloMethods", "HelloMethods\HelloMethods.csproj", "{9B69E0D2-FBD5-4FB4-9D40-768AE4F57300}"
EndProject
Project("{9A19103F-16F7-4668-BE54-9A1E7A4F7556}") = "Gradebook", "Gradebook\Gradebook.csproj", "{9E08496B-2501-4CBF-844F-8FD7BA97F4E6}"
EndProject
Project("{9A19103F-16F7-4668-BE54-9A1E7A4F7556}") = "GradebookDict", "GradebookDict\GradebookDict.csproj", "{EFCB1B91-2E92-478F-BFF7-013FF6911DCC}"
EndProject
Project("{9A19103F-16F7-4668-BE54-9A1E7A4F7556}") = "GradebookArray", "GradebookArray\GradebookArray.csproj", "{89051A0E-8D18-48C3-B4E6-D05F62D252CE}"
EndProject
Project("{9A19103F-16F7-4668-BE54-9A1E7A4F7556}") = "HelloWorld", "HelloWorld\HelloWorld.csproj", "{52592265-6D11-4D25-9075-7D07C8F99900}"
EndProject
Project("{2150E333-8FDC-42A3-9474-1A3956D46DE8}") = "Class3.1", "Class3.1", "{A267AAE0-6BAD-45AC-A40D-81B1024FA424}"
EndProject
Project("{9A19103F-16F7-4668-BE54-9A1E7A4F7556}") = "Class3_1_InputOutput", "Class 3.1 InputOutput\Class3_1_InputOutput.csproj", "{E641B4DE-DF95-4CD9-8282-FA9EFAB01BB0}"
EndProject
Project("{9A19103F-16F7-4668-BE54-9A1E7A4F7556}") = "Class3_1_AliceSearch", "Class3_1_AliceSearch\Class3_1_AliceSearch.csproj", "{C7B74D2B-39E3-483F-9CFD-E257CC4D6310}"
EndProject
Project("{9A19103F-16F7-4668-BE54-9A1E7A4F7556}") = "Class3_1_MpgCalculator", "Class3_1_MpgCalculator\Class3_1_MpgCalculator.csproj", "{3036E107-7351-449C-8F9A-D35411B93797}"
EndProject
Project("{9A19103F-16F7-4668-BE54-9A1E7A4F7556}") = "Area", "Area\Area.csproj", "{064E1541-D1E7-49C2-9501-A915FAE72AB4}"
EndProject
Project("{9A19103F-16F7-4668-BE54-9A1E7A4F7556}") = "Class3_1_AreaOfSquare", "Class3_1_AreaOfSquare\Class3_1_AreaOfSquare.csproj", "{B20E5717-D5B7-472A-8392-7277DA25B57A}"
EndProject
Project("{2150E333-8FDC-42A3-9474-1A3956D46DE8}") = "Class3.2", "Class3.2", "{6B31BC28-5C03-480A-A8AD-0D4103CB7E84}"
EndProject
Project("{9A19103F-16F7-4668-BE54-9A1E7A4F7556}") = "Class3_2_ListCount", "Class3_2_ListCount\Class3_2_ListCount.csproj", "{22D19211-BE68-4687-837D-BB85469CA03B}"
EndProject
Project("{FAE04EC0-301F-11D3-BF4B-00C04F79EFBC}") = "Class3_2_ListsAndStrings", "Class3_2_ListsAndStrings\Class3_2_ListsAndStrings.csproj", "{1E62C485-885A-40FC-8EDE-108772D193BA}"
EndProject
Project("{FAE04EC0-301F-11D3-BF4B-00C04F79EFBC}") = "Class3_2_Arrays", "Class3_2_Arrays\Class3_2_Arrays.csproj", "{E89B4D87-4BCA-4140-A05C-1745CE017E9F}"
EndProject
Project("{FAE04EC0-301F-11D3-BF4B-00C04F79EFBC}") = "Class3_2_GradeBookDictonary", "Class3_2_GradeBookDictonarie\Class3_2_GradeBookDictonary.csproj", "{391C0D2D-E9DF-4208-8401-70853728C1D2}"
EndProject
Global
	GlobalSection(SolutionConfigurationPlatforms) = preSolution
		Debug|Any CPU = Debug|Any CPU
		Release|Any CPU = Release|Any CPU
	EndGlobalSection
	GlobalSection(ProjectConfigurationPlatforms) = postSolution
		{B3E76AAA-3BE8-49C7-A831-64EF68C6F28D}.Debug|Any CPU.ActiveCfg = Debug|Any CPU
		{B3E76AAA-3BE8-49C7-A831-64EF68C6F28D}.Debug|Any CPU.Build.0 = Debug|Any CPU
		{B3E76AAA-3BE8-49C7-A831-64EF68C6F28D}.Release|Any CPU.ActiveCfg = Release|Any CPU
		{B3E76AAA-3BE8-49C7-A831-64EF68C6F28D}.Release|Any CPU.Build.0 = Release|Any CPU
		{C7008ACC-EE4B-49CC-B7FB-5F9F95E257A9}.Debug|Any CPU.ActiveCfg = Debug|Any CPU
		{C7008ACC-EE4B-49CC-B7FB-5F9F95E257A9}.Debug|Any CPU.Build.0 = Debug|Any CPU
		{C7008ACC-EE4B-49CC-B7FB-5F9F95E257A9}.Release|Any CPU.ActiveCfg = Release|Any CPU
		{C7008ACC-EE4B-49CC-B7FB-5F9F95E257A9}.Release|Any CPU.Build.0 = Release|Any CPU
		{6D18F93D-E26F-4FF4-ABF2-1450FD9FB19D}.Debug|Any CPU.ActiveCfg = Debug|Any CPU
		{6D18F93D-E26F-4FF4-ABF2-1450FD9FB19D}.Debug|Any CPU.Build.0 = Debug|Any CPU
		{6D18F93D-E26F-4FF4-ABF2-1450FD9FB19D}.Release|Any CPU.ActiveCfg = Release|Any CPU
		{6D18F93D-E26F-4FF4-ABF2-1450FD9FB19D}.Release|Any CPU.Build.0 = Release|Any CPU
		{9B69E0D2-FBD5-4FB4-9D40-768AE4F57300}.Debug|Any CPU.ActiveCfg = Debug|Any CPU
		{9B69E0D2-FBD5-4FB4-9D40-768AE4F57300}.Debug|Any CPU.Build.0 = Debug|Any CPU
		{9B69E0D2-FBD5-4FB4-9D40-768AE4F57300}.Release|Any CPU.ActiveCfg = Release|Any CPU
		{9B69E0D2-FBD5-4FB4-9D40-768AE4F57300}.Release|Any CPU.Build.0 = Release|Any CPU
		{9E08496B-2501-4CBF-844F-8FD7BA97F4E6}.Debug|Any CPU.ActiveCfg = Debug|Any CPU
		{9E08496B-2501-4CBF-844F-8FD7BA97F4E6}.Debug|Any CPU.Build.0 = Debug|Any CPU
		{9E08496B-2501-4CBF-844F-8FD7BA97F4E6}.Release|Any CPU.ActiveCfg = Release|Any CPU
		{9E08496B-2501-4CBF-844F-8FD7BA97F4E6}.Release|Any CPU.Build.0 = Release|Any CPU
		{EFCB1B91-2E92-478F-BFF7-013FF6911DCC}.Debug|Any CPU.ActiveCfg = Debug|Any CPU
		{EFCB1B91-2E92-478F-BFF7-013FF6911DCC}.Debug|Any CPU.Build.0 = Debug|Any CPU
		{EFCB1B91-2E92-478F-BFF7-013FF6911DCC}.Release|Any CPU.ActiveCfg = Release|Any CPU
		{EFCB1B91-2E92-478F-BFF7-013FF6911DCC}.Release|Any CPU.Build.0 = Release|Any CPU
		{89051A0E-8D18-48C3-B4E6-D05F62D252CE}.Debug|Any CPU.ActiveCfg = Debug|Any CPU
		{89051A0E-8D18-48C3-B4E6-D05F62D252CE}.Debug|Any CPU.Build.0 = Debug|Any CPU
		{89051A0E-8D18-48C3-B4E6-D05F62D252CE}.Release|Any CPU.ActiveCfg = Release|Any CPU
		{89051A0E-8D18-48C3-B4E6-D05F62D252CE}.Release|Any CPU.Build.0 = Release|Any CPU
		{52592265-6D11-4D25-9075-7D07C8F99900}.Debug|Any CPU.ActiveCfg = Debug|Any CPU
		{52592265-6D11-4D25-9075-7D07C8F99900}.Debug|Any CPU.Build.0 = Debug|Any CPU
		{52592265-6D11-4D25-9075-7D07C8F99900}.Release|Any CPU.ActiveCfg = Release|Any CPU
		{52592265-6D11-4D25-9075-7D07C8F99900}.Release|Any CPU.Build.0 = Release|Any CPU
		{E641B4DE-DF95-4CD9-8282-FA9EFAB01BB0}.Debug|Any CPU.ActiveCfg = Debug|Any CPU
		{E641B4DE-DF95-4CD9-8282-FA9EFAB01BB0}.Debug|Any CPU.Build.0 = Debug|Any CPU
		{E641B4DE-DF95-4CD9-8282-FA9EFAB01BB0}.Release|Any CPU.ActiveCfg = Release|Any CPU
		{E641B4DE-DF95-4CD9-8282-FA9EFAB01BB0}.Release|Any CPU.Build.0 = Release|Any CPU
		{C7B74D2B-39E3-483F-9CFD-E257CC4D6310}.Debug|Any CPU.ActiveCfg = Debug|Any CPU
		{C7B74D2B-39E3-483F-9CFD-E257CC4D6310}.Debug|Any CPU.Build.0 = Debug|Any CPU
		{C7B74D2B-39E3-483F-9CFD-E257CC4D6310}.Release|Any CPU.ActiveCfg = Release|Any CPU
		{C7B74D2B-39E3-483F-9CFD-E257CC4D6310}.Release|Any CPU.Build.0 = Release|Any CPU
		{3036E107-7351-449C-8F9A-D35411B93797}.Debug|Any CPU.ActiveCfg = Debug|Any CPU
		{3036E107-7351-449C-8F9A-D35411B93797}.Debug|Any CPU.Build.0 = Debug|Any CPU
		{3036E107-7351-449C-8F9A-D35411B93797}.Release|Any CPU.ActiveCfg = Release|Any CPU
		{3036E107-7351-449C-8F9A-D35411B93797}.Release|Any CPU.Build.0 = Release|Any CPU
		{064E1541-D1E7-49C2-9501-A915FAE72AB4}.Debug|Any CPU.ActiveCfg = Debug|Any CPU
		{064E1541-D1E7-49C2-9501-A915FAE72AB4}.Debug|Any CPU.Build.0 = Debug|Any CPU
		{064E1541-D1E7-49C2-9501-A915FAE72AB4}.Release|Any CPU.ActiveCfg = Release|Any CPU
		{064E1541-D1E7-49C2-9501-A915FAE72AB4}.Release|Any CPU.Build.0 = Release|Any CPU
		{B20E5717-D5B7-472A-8392-7277DA25B57A}.Debug|Any CPU.ActiveCfg = Debug|Any CPU
		{B20E5717-D5B7-472A-8392-7277DA25B57A}.Debug|Any CPU.Build.0 = Debug|Any CPU
		{B20E5717-D5B7-472A-8392-7277DA25B57A}.Release|Any CPU.ActiveCfg = Release|Any CPU
		{B20E5717-D5B7-472A-8392-7277DA25B57A}.Release|Any CPU.Build.0 = Release|Any CPU
		{22D19211-BE68-4687-837D-BB85469CA03B}.Debug|Any CPU.ActiveCfg = Debug|Any CPU
		{22D19211-BE68-4687-837D-BB85469CA03B}.Debug|Any CPU.Build.0 = Debug|Any CPU
		{22D19211-BE68-4687-837D-BB85469CA03B}.Release|Any CPU.ActiveCfg = Release|Any CPU
		{22D19211-BE68-4687-837D-BB85469CA03B}.Release|Any CPU.Build.0 = Release|Any CPU
		{1E62C485-885A-40FC-8EDE-108772D193BA}.Debug|Any CPU.ActiveCfg = Debug|Any CPU
		{1E62C485-885A-40FC-8EDE-108772D193BA}.Debug|Any CPU.Build.0 = Debug|Any CPU
		{1E62C485-885A-40FC-8EDE-108772D193BA}.Release|Any CPU.ActiveCfg = Release|Any CPU
		{1E62C485-885A-40FC-8EDE-108772D193BA}.Release|Any CPU.Build.0 = Release|Any CPU
		{E89B4D87-4BCA-4140-A05C-1745CE017E9F}.Debug|Any CPU.ActiveCfg = Debug|Any CPU
		{E89B4D87-4BCA-4140-A05C-1745CE017E9F}.Debug|Any CPU.Build.0 = Debug|Any CPU
		{E89B4D87-4BCA-4140-A05C-1745CE017E9F}.Release|Any CPU.ActiveCfg = Release|Any CPU
		{E89B4D87-4BCA-4140-A05C-1745CE017E9F}.Release|Any CPU.Build.0 = Release|Any CPU
		{391C0D2D-E9DF-4208-8401-70853728C1D2}.Debug|Any CPU.ActiveCfg = Debug|Any CPU
		{391C0D2D-E9DF-4208-8401-70853728C1D2}.Debug|Any CPU.Build.0 = Debug|Any CPU
		{391C0D2D-E9DF-4208-8401-70853728C1D2}.Release|Any CPU.ActiveCfg = Release|Any CPU
		{391C0D2D-E9DF-4208-8401-70853728C1D2}.Release|Any CPU.Build.0 = Release|Any CPU
	EndGlobalSection
	GlobalSection(SolutionProperties) = preSolution
		HideSolutionNode = FALSE
	EndGlobalSection
	GlobalSection(NestedProjects) = preSolution
		{E641B4DE-DF95-4CD9-8282-FA9EFAB01BB0} = {A267AAE0-6BAD-45AC-A40D-81B1024FA424}
		{C7B74D2B-39E3-483F-9CFD-E257CC4D6310} = {A267AAE0-6BAD-45AC-A40D-81B1024FA424}
		{3036E107-7351-449C-8F9A-D35411B93797} = {A267AAE0-6BAD-45AC-A40D-81B1024FA424}
		{064E1541-D1E7-49C2-9501-A915FAE72AB4} = {A267AAE0-6BAD-45AC-A40D-81B1024FA424}
		{B20E5717-D5B7-472A-8392-7277DA25B57A} = {A267AAE0-6BAD-45AC-A40D-81B1024FA424}
		{22D19211-BE68-4687-837D-BB85469CA03B} = {6B31BC28-5C03-480A-A8AD-0D4103CB7E84}
		{1E62C485-885A-40FC-8EDE-108772D193BA} = {6B31BC28-5C03-480A-A8AD-0D4103CB7E84}
		{E89B4D87-4BCA-4140-A05C-1745CE017E9F} = {6B31BC28-5C03-480A-A8AD-0D4103CB7E84}
		{391C0D2D-E9DF-4208-8401-70853728C1D2} = {6B31BC28-5C03-480A-A8AD-0D4103CB7E84}
	EndGlobalSection
	GlobalSection(ExtensibilityGlobals) = postSolution
		SolutionGuid = {BA7B6953-EA5B-476A-9AFE-4E8423B9C1DF}
	EndGlobalSection
EndGlobal
